
Microsoft Visual Studio Solution File, Format Version 12.00
# Visual Studio Version 18
VisualStudioVersion = 18.6.11819.183
MinimumVisualStudioVersion = 10.0.40219.1
Project("{FAE04EC0-301F-11D3-BF4B-00C04F79EFBC}") = "Example UI", "Example UI\Example UI.csproj", "{04C2235F-3B79-41C0-8B6D-F25D441F540A}"
EndProject
Project("{FAE04EC0-301F-11D3-BF4B-00C04F79EFBC}") = "Monitoring System UI", "Monitoring System UI\Monitoring System UI.csproj", "{55CCAD09-5748-404B-8343-F65B0FCDAAD9}"
EndProject
Project("{FAE04EC0-301F-11D3-BF4B-00C04F79EFBC}") = "Chessboard UI", "Chessboard UI\Chessboard UI.csproj", "{0CB1CAAE-6049-4756-B64A-A1F3E07B0615}"
EndProject
Project("{FAE04EC0-301F-11D3-BF4B-00C04F79EFBC}") = "Manufacturing HMI", "Manufacturing HMI\Manufacturing HMI.csproj", "{268327AF-6994-473B-8762-57E3E4015457}"
EndProject
Project("{FAE04EC0-301F-11D3-BF4B-00C04F79EFBC}") = "Machine Control Button Interface", "Machine Control Button Interface\Machine Control Button Interface.csproj", "{2D868BDA-0BBB-4318-B27C-42A73CD757A2}"
EndProject
Project("{FAE04EC0-301F-11D3-BF4B-00C04F79EFBC}") = "Setting Parameters", "Setting Parameters\Setting Parameters.csproj", "{0AE6D5F7-AF4B-4CDB-A386-894D9CFA5530}"
EndProject
Project("{FAE04EC0-301F-11D3-BF4B-00C04F79EFBC}") = "MVVM Practice", "MVVM Practice\MVVM Practice.csproj", "{7CA6C8A7-67E9-47B4-B6A3-5621673A128B}"
EndProject
Project("{FAE04EC0-301F-11D3-BF4B-00C04F79EFBC}") = "Room Reservation", "Room Reservation\Room Reservation.csproj", "{6DB9A672-4F76-4F60-9DCF-D1FA4970CEEF}"
EndProject
Project("{FAE04EC0-301F-11D3-BF4B-00C04F79EFBC}") = "Navigation Basic", "Navigation Basic\Navigation Basic.csproj", "{A0334CF2-B75D-4085-BB00-9C5F1979D6C2}"
EndProject
Project("{FAE04EC0-301F-11D3-BF4B-00C04F79EFBC}") = "Navigation With Dependency Injection And Factory Pattern", "Navigation With Dependency Injection And Factory Pattern\Navigation With Dependency Injection And Factory Pattern.csproj", "{9A565CE0-C09F-4158-8081-9EB92429BE19}"
EndProject
Project("{2150E333-8FDC-42A3-9474-1A3956D46DE8}") = "Solution Items", "Solution Items", "{2AB3C56F-477E-4550-BCC5-3F199737E3FF}"
	ProjectSection(SolutionItems) = preProject
		.editorconfig = .editorconfig
	EndProjectSection
EndProject
Project("{FAE04EC0-301F-11D3-BF4B-00C04F79EFBC}") = "VisionFlow.Core", "VisionFlow.Core\VisionFlow.Core.csproj", "{03AA396C-EFFB-4494-A852-316EB9571F16}"
EndProject
Project("{FAE04EC0-301F-11D3-BF4B-00C04F79EFBC}") = "VisionFlow.Tools", "VisionFlow.Tools\VisionFlow.Tools.csproj", "{D83A0B43-5CCB-4FE6-B62A-AF2DFEA352CD}"
EndProject
Project("{2150E333-8FDC-42A3-9474-1A3956D46DE8}") = "Machine Vision Flow", "Machine Vision Flow", "{82BC121A-AD68-45B2-8C30-BC303495D559}"
EndProject
Project("{FAE04EC0-301F-11D3-BF4B-00C04F79EFBC}") = "Test Vision Flow Function", "Test Vision Flow Function\Test Vision Flow Function.csproj", "{37C65659-DA3E-4DBC-951B-2E666BC1689C}"
EndProject
Global
	GlobalSection(SolutionConfigurationPlatforms) = preSolution
		Debug|Any CPU = Debug|Any CPU
		Debug|x64 = Debug|x64
		Debug|x86 = Debug|x86
		Release|Any CPU = Release|Any CPU
		Release|x64 = Release|x64
		Release|x86 = Release|x86
	EndGlobalSection
	GlobalSection(ProjectConfigurationPlatforms) = postSolution
		{04C2235F-3B79-41C0-8B6D-F25D441F540A}.Debug|Any CPU.ActiveCfg = Debug|Any CPU
		{04C2235F-3B79-41C0-8B6D-F25D441F540A}.Debug|Any CPU.Build.0 = Debug|Any CPU
		{04C2235F-3B79-41C0-8B6D-F25D441F540A}.Debug|x64.ActiveCfg = Debug|Any CPU
		{04C2235F-3B79-41C0-8B6D-F25D441F540A}.Debug|x64.Build.0 = Debug|Any CPU
		{04C2235F-3B79-41C0-8B6D-F25D441F540A}.Debug|x86.ActiveCfg = Debug|Any CPU
		{04C2235F-3B79-41C0-8B6D-F25D441F540A}.Debug|x86.Build.0 = Debug|Any CPU
		{04C2235F-3B79-41C0-8B6D-F25D441F540A}.Release|Any CPU.ActiveCfg = Release|Any CPU
		{04C2235F-3B79-41C0-8B6D-F25D441F540A}.Release|Any CPU.Build.0 = Release|Any CPU
		{04C2235F-3B79-41C0-8B6D-F25D441F540A}.Release|x64.ActiveCfg = Release|Any CPU
		{04C2235F-3B79-41C0-8B6D-F25D441F540A}.Release|x64.Build.0 = Release|Any CPU
		{04C2235F-3B79-41C0-8B6D-F25D441F540A}.Release|x86.ActiveCfg = Release|Any CPU
		{04C2235F-3B79-41C0-8B6D-F25D441F540A}.Release|x86.Build.0 = Release|Any CPU
		{55CCAD09-5748-404B-8343-F65B0FCDAAD9}.Debug|Any CPU.ActiveCfg = Debug|Any CPU
		{55CCAD09-5748-404B-8343-F65B0FCDAAD9}.Debug|Any CPU.Build.0 = Debug|Any CPU
		{55CCAD09-5748-404B-8343-F65B0FCDAAD9}.Debug|x64.ActiveCfg = Debug|Any CPU
		{55CCAD09-5748-404B-8343-F65B0FCDAAD9}.Debug|x64.Build.0 = Debug|Any CPU
		{55CCAD09-5748-404B-8343-F65B0FCDAAD9}.Debug|x86.ActiveCfg = Debug|Any CPU
		{55CCAD09-5748-404B-8343-F65B0FCDAAD9}.Debug|x86.Build.0 = Debug|Any CPU
		{55CCAD09-5748-404B-8343-F65B0FCDAAD9}.Release|Any CPU.ActiveCfg = Release|Any CPU
		{55CCAD09-5748-404B-8343-F65B0FCDAAD9}.Release|Any CPU.Build.0 = Release|Any CPU
		{55CCAD09-5748-404B-8343-F65B0FCDAAD9}.Release|x64.ActiveCfg = Release|Any CPU
		{55CCAD09-5748-404B-8343-F65B0FCDAAD9}.Release|x64.Build.0 = Release|Any CPU
		{55CCAD09-5748-404B-8343-F65B0FCDAAD9}.Release|x86.ActiveCfg = Release|Any CPU
		{55CCAD09-5748-404B-8343-F65B0FCDAAD9}.Release|x86.Build.0 = Release|Any CPU
		{0CB1CAAE-6049-4756-B64A-A1F3E07B0615}.Debug|Any CPU.ActiveCfg = Debug|Any CPU
		{0CB1CAAE-6049-4756-B64A-A1F3E07B0615}.Debug|Any CPU.Build.0 = Debug|Any CPU
		{0CB1CAAE-6049-4756-B64A-A1F3E07B0615}.Debug|x64.ActiveCfg = Debug|Any CPU
		{0CB1CAAE-6049-4756-B64A-A1F3E07B0615}.Debug|x64.Build.0 = Debug|Any CPU
		{0CB1CAAE-6049-4756-B64A-A1F3E07B0615}.Debug|x86.ActiveCfg = Debug|Any CPU
		{0CB1CAAE-6049-4756-B64A-A1F3E07B0615}.Debug|x86.Build.0 = Debug|Any CPU
		{0CB1CAAE-6049-4756-B64A-A1F3E07B0615}.Release|Any CPU.ActiveCfg = Release|Any CPU
		{0CB1CAAE-6049-4756-B64A-A1F3E07B0615}.Release|Any CPU.Build.0 = Release|Any CPU
		{0CB1CAAE-6049-4756-B64A-A1F3E07B0615}.Release|x64.ActiveCfg = Release|Any CPU
		{0CB1CAAE-6049-4756-B64A-A1F3E07B0615}.Release|x64.Build.0 = Release|Any CPU
		{0CB1CAAE-6049-4756-B64A-A1F3E07B0615}.Release|x86.ActiveCfg = Release|Any CPU
		{0CB1CAAE-6049-4756-B64A-A1F3E07B0615}.Release|x86.Build.0 = Release|Any CPU
		{268327AF-6994-473B-8762-57E3E4015457}.Debug|Any CPU.ActiveCfg = Debug|Any CPU
		{268327AF-6994-473B-8762-57E3E4015457}.Debug|Any CPU.Build.0 = Debug|Any CPU
		{268327AF-6994-473B-8762-57E3E4015457}.Debug|x64.ActiveCfg = Debug|Any CPU
		{268327AF-6994-473B-8762-57E3E4015457}.Debug|x64.Build.0 = Debug|Any CPU
		{268327AF-6994-473B-8762-57E3E4015457}.Debug|x86.ActiveCfg = Debug|Any CPU
		{268327AF-6994-473B-8762-57E3E4015457}.Debug|x86.Build.0 = Debug|Any CPU
		{268327AF-6994-473B-8762-57E3E4015457}.Release|Any CPU.ActiveCfg = Release|Any CPU
		{268327AF-6994-473B-8762-57E3E4015457}.Release|Any CPU.Build.0 = Release|Any CPU
		{268327AF-6994-473B-8762-57E3E4015457}.Release|x64.ActiveCfg = Release|Any CPU
		{268327AF-6994-473B-8762-57E3E4015457}.Release|x64.Build.0 = Release|Any CPU
		{268327AF-6994-473B-8762-57E3E4015457}.Release|x86.ActiveCfg = Release|Any CPU
		{268327AF-6994-473B-8762-57E3E4015457}.Release|x86.Build.0 = Release|Any CPU
		{2D868BDA-0BBB-4318-B27C-42A73CD757A2}.Debug|Any CPU.ActiveCfg = Debug|Any CPU
		{2D868BDA-0BBB-4318-B27C-42A73CD757A2}.Debug|Any CPU.Build.0 = Debug|Any CPU
		{2D868BDA-0BBB-4318-B27C-42A73CD757A2}.Debug|x64.ActiveCfg = Debug|Any CPU
		{2D868BDA-0BBB-4318-B27C-42A73CD757A2}.Debug|x64.Build.0 = Debug|Any CPU
		{2D868BDA-0BBB-4318-B27C-42A73CD757A2}.Debug|x86.ActiveCfg = Debug|Any CPU
		{2D868BDA-0BBB-4318-B27C-42A73CD757A2}.Debug|x86.Build.0 = Debug|Any CPU
		{2D868BDA-0BBB-4318-B27C-42A73CD757A2}.Release|Any CPU.ActiveCfg = Release|Any CPU
		{2D868BDA-0BBB-4318-B27C-42A73CD757A2}.Release|Any CPU.Build.0 = Release|Any CPU
		{2D868BDA-0BBB-4318-B27C-42A73CD757A2}.Release|x64.ActiveCfg = Release|Any CPU
		{2D868BDA-0BBB-4318-B27C-42A73CD757A2}.Release|x64.Build.0 = Release|Any CPU
		{2D868BDA-0BBB-4318-B27C-42A73CD757A2}.Release|x86.ActiveCfg = Release|Any CPU
		{2D868BDA-0BBB-4318-B27C-42A73CD757A2}.Release|x86.Build.0 = Release|Any CPU
		{0AE6D5F7-AF4B-4CDB-A386-894D9CFA5530}.Debug|Any CPU.ActiveCfg = Debug|Any CPU
		{0AE6D5F7-AF4B-4CDB-A386-894D9CFA5530}.Debug|Any CPU.Build.0 = Debug|Any CPU
		{0AE6D5F7-AF4B-4CDB-A386-894D9CFA5530}.Debug|x64.ActiveCfg = Debug|Any CPU
		{0AE6D5F7-AF4B-4CDB-A386-894D9CFA5530}.Debug|x64.Build.0 = Debug|Any CPU
		{0AE6D5F7-AF4B-4CDB-A386-894D9CFA5530}.Debug|x86.ActiveCfg = Debug|Any CPU
		{0AE6D5F7-AF4B-4CDB-A386-894D9CFA5530}.Debug|x86.Build.0 = Debug|Any CPU
		{0AE6D5F7-AF4B-4CDB-A386-894D9CFA5530}.Release|Any CPU.ActiveCfg = Release|Any CPU
		{0AE6D5F7-AF4B-4CDB-A386-894D9CFA5530}.Release|Any CPU.Build.0 = Release|Any CPU
		{0AE6D5F7-AF4B-4CDB-A386-894D9CFA5530}.Release|x64.ActiveCfg = Release|Any CPU
		{0AE6D5F7-AF4B-4CDB-A386-894D9CFA5530}.Release|x64.Build.0 = Release|Any CPU
		{0AE6D5F7-AF4B-4CDB-A386-894D9CFA5530}.Release|x86.ActiveCfg = Release|Any CPU
		{0AE6D5F7-AF4B-4CDB-A386-894D9CFA5530}.Release|x86.Build.0 = Release|Any CPU
		{7CA6C8A7-67E9-47B4-B6A3-5621673A128B}.Debug|Any CPU.ActiveCfg = Debug|Any CPU
		{7CA6C8A7-67E9-47B4-B6A3-5621673A128B}.Debug|Any CPU.Build.0 = Debug|Any CPU
		{7CA6C8A7-67E9-47B4-B6A3-5621673A128B}.Debug|x64.ActiveCfg = Debug|Any CPU
		{7CA6C8A7-67E9-47B4-B6A3-5621673A128B}.Debug|x64.Build.0 = Debug|Any CPU
		{7CA6C8A7-67E9-47B4-B6A3-5621673A128B}.Debug|x86.ActiveCfg = Debug|Any CPU
		{7CA6C8A7-67E9-47B4-B6A3-5621673A128B}.Debug|x86.Build.0 = Debug|Any CPU
		{7CA6C8A7-67E9-47B4-B6A3-5621673A128B}.Release|Any CPU.ActiveCfg = Release|Any CPU
		{7CA6C8A7-67E9-47B4-B6A3-5621673A128B}.Release|Any CPU.Build.0 = Release|Any CPU
		{7CA6C8A7-67E9-47B4-B6A3-5621673A128B}.Release|x64.ActiveCfg = Release|Any CPU
		{7CA6C8A7-67E9-47B4-B6A3-5621673A128B}.Release|x64.Build.0 = Release|Any CPU
		{7CA6C8A7-67E9-47B4-B6A3-5621673A128B}.Release|x86.ActiveCfg = Release|Any CPU
		{7CA6C8A7-67E9-47B4-B6A3-5621673A128B}.Release|x86.Build.0 = Release|Any CPU
		{6DB9A672-4F76-4F60-9DCF-D1FA4970CEEF}.Debug|Any CPU.ActiveCfg = Debug|Any CPU
		{6DB9A672-4F76-4F60-9DCF-D1FA4970CEEF}.Debug|Any CPU.Build.0 = Debug|Any CPU
		{6DB9A672-4F76-4F60-9DCF-D1FA4970CEEF}.Debug|x64.ActiveCfg = Debug|Any CPU
		{6DB9A672-4F76-4F60-9DCF-D1FA4970CEEF}.Debug|x64.Build.0 = Debug|Any CPU
		{6DB9A672-4F76-4F60-9DCF-D1FA4970CEEF}.Debug|x86.ActiveCfg = Debug|Any CPU
		{6DB9A672-4F76-4F60-9DCF-D1FA4970CEEF}.Debug|x86.Build.0 = Debug|Any CPU
		{6DB9A672-4F76-4F60-9DCF-D1FA4970CEEF}.Release|Any CPU.ActiveCfg = Release|Any CPU
		{6DB9A672-4F76-4F60-9DCF-D1FA4970CEEF}.Release|Any CPU.Build.0 = Release|Any CPU
		{6DB9A672-4F76-4F60-9DCF-D1FA4970CEEF}.Release|x64.ActiveCfg = Release|Any CPU
		{6DB9A672-4F76-4F60-9DCF-D1FA4970CEEF}.Release|x64.Build.0 = Release|Any CPU
		{6DB9A672-4F76-4F60-9DCF-D1FA4970CEEF}.Release|x86.ActiveCfg = Release|Any CPU
		{6DB9A672-4F76-4F60-9DCF-D1FA4970CEEF}.Release|x86.Build.0 = Release|Any CPU
		{A0334CF2-B75D-4085-BB00-9C5F1979D6C2}.Debug|Any CPU.ActiveCfg = Debug|Any CPU
		{A0334CF2-B75D-4085-BB00-9C5F1979D6C2}.Debug|Any CPU.Build.0 = Debug|Any CPU
		{A0334CF2-B75D-4085-BB00-9C5F1979D6C2}.Debug|x64.ActiveCfg = Debug|Any CPU
		{A0334CF2-B75D-4085-BB00-9C5F1979D6C2}.Debug|x64.Build.0 = Debug|Any CPU
		{A0334CF2-B75D-4085-BB00-9C5F1979D6C2}.Debug|x86.ActiveCfg = Debug|Any CPU
		{A0334CF2-B75D-4085-BB00-9C5F1979D6C2}.Debug|x86.Build.0 = Debug|Any CPU
		{A0334CF2-B75D-4085-BB00-9C5F1979D6C2}.Release|Any CPU.ActiveCfg = Release|Any CPU
		{A0334CF2-B75D-4085-BB00-9C5F1979D6C2}.Release|Any CPU.Build.0 = Release|Any CPU
		{A0334CF2-B75D-4085-BB00-9C5F1979D6C2}.Release|x64.ActiveCfg = Release|Any CPU
		{A0334CF2-B75D-4085-BB00-9C5F1979D6C2}.Release|x64.Build.0 = Release|Any CPU
		{A0334CF2-B75D-4085-BB00-9C5F1979D6C2}.Release|x86.ActiveCfg = Release|Any CPU
		{A0334CF2-B75D-4085-BB00-9C5F1979D6C2}.Release|x86.Build.0 = Release|Any CPU
		{9A565CE0-C09F-4158-8081-9EB92429BE19}.Debug|Any CPU.ActiveCfg = Debug|Any CPU
		{9A565CE0-C09F-4158-8081-9EB92429BE19}.Debug|Any CPU.Build.0 = Debug|Any CPU
		{9A565CE0-C09F-4158-8081-9EB92429BE19}.Debug|x64.ActiveCfg = Debug|Any CPU
		{9A565CE0-C09F-4158-8081-9EB92429BE19}.Debug|x64.Build.0 = Debug|Any CPU
		{9A565CE0-C09F-4158-8081-9EB92429BE19}.Debug|x86.ActiveCfg = Debug|Any CPU
		{9A565CE0-C09F-4158-8081-9EB92429BE19}.Debug|x86.Build.0 = Debug|Any CPU
		{9A565CE0-C09F-4158-8081-9EB92429BE19}.Release|Any CPU.ActiveCfg = Release|Any CPU
		{9A565CE0-C09F-4158-8081-9EB92429BE19}.Release|Any CPU.Build.0 = Release|Any CPU
		{9A565CE0-C09F-4158-8081-9EB92429BE19}.Release|x64.ActiveCfg = Release|Any CPU
		{9A565CE0-C09F-4158-8081-9EB92429BE19}.Release|x64.Build.0 = Release|Any CPU
		{9A565CE0-C09F-4158-8081-9EB92429BE19}.Release|x86.ActiveCfg = Release|Any CPU
		{9A565CE0-C09F-4158-8081-9EB92429BE19}.Release|x86.Build.0 = Release|Any CPU
		{03AA396C-EFFB-4494-A852-316EB9571F16}.Debug|Any CPU.ActiveCfg = Debug|Any CPU
		{03AA396C-EFFB-4494-A852-316EB9571F16}.Debug|Any CPU.Build.0 = Debug|Any CPU
		{03AA396C-EFFB-4494-A852-316EB9571F16}.Debug|x64.ActiveCfg = Debug|Any CPU
		{03AA396C-EFFB-4494-A852-316EB9571F16}.Debug|x64.Build.0 = Debug|Any CPU
		{03AA396C-EFFB-4494-A852-316EB9571F16}.Debug|x86.ActiveCfg = Debug|Any CPU
		{03AA396C-EFFB-4494-A852-316EB9571F16}.Debug|x86.Build.0 = Debug|Any CPU
		{03AA396C-EFFB-4494-A852-316EB9571F16}.Release|Any CPU.ActiveCfg = Release|Any CPU
		{03AA396C-EFFB-4494-A852-316EB9571F16}.Release|Any CPU.Build.0 = Release|Any CPU
		{03AA396C-EFFB-4494-A852-316EB9571F16}.Release|x64.ActiveCfg = Release|Any CPU
		{03AA396C-EFFB-4494-A852-316EB9571F16}.Release|x64.Build.0 = Release|Any CPU
		{03AA396C-EFFB-4494-A852-316EB9571F16}.Release|x86.ActiveCfg = Release|Any CPU
		{03AA396C-EFFB-4494-A852-316EB9571F16}.Release|x86.Build.0 = Release|Any CPU
		{D83A0B43-5CCB-4FE6-B62A-AF2DFEA352CD}.Debug|Any CPU.ActiveCfg = Debug|Any CPU
		{D83A0B43-5CCB-4FE6-B62A-AF2DFEA352CD}.Debug|Any CPU.Build.0 = Debug|Any CPU
		{D83A0B43-5CCB-4FE6-B62A-AF2DFEA352CD}.Debug|x64.ActiveCfg = Debug|Any CPU
		{D83A0B43-5CCB-4FE6-B62A-AF2DFEA352CD}.Debug|x64.Build.0 = Debug|Any CPU
		{D83A0B43-5CCB-4FE6-B62A-AF2DFEA352CD}.Debug|x86.ActiveCfg = Debug|Any CPU
		{D83A0B43-5CCB-4FE6-B62A-AF2DFEA352CD}.Debug|x86.Build.0 = Debug|Any CPU
		{D83A0B43-5CCB-4FE6-B62A-AF2DFEA352CD}.Release|Any CPU.ActiveCfg = Release|Any CPU
		{D83A0B43-5CCB-4FE6-B62A-AF2DFEA352CD}.Release|Any CPU.Build.0 = Release|Any CPU
		{D83A0B43-5CCB-4FE6-B62A-AF2DFEA352CD}.Release|x64.ActiveCfg = Release|Any CPU
		{D83A0B43-5CCB-4FE6-B62A-AF2DFEA352CD}.Release|x64.Build.0 = Release|Any CPU
		{D83A0B43-5CCB-4FE6-B62A-AF2DFEA352CD}.Release|x86.ActiveCfg = Release|Any CPU
		{D83A0B43-5CCB-4FE6-B62A-AF2DFEA352CD}.Release|x86.Build.0 = Release|Any CPU
		{37C65659-DA3E-4DBC-951B-2E666BC1689C}.Debug|Any CPU.ActiveCfg = Debug|Any CPU
		{37C65659-DA3E-4DBC-951B-2E666BC1689C}.Debug|Any CPU.Build.0 = Debug|Any CPU
		{37C65659-DA3E-4DBC-951B-2E666BC1689C}.Debug|x64.ActiveCfg = Debug|Any CPU
		{37C65659-DA3E-4DBC-951B-2E666BC1689C}.Debug|x64.Build.0 = Debug|Any CPU
		{37C65659-DA3E-4DBC-951B-2E666BC1689C}.Debug|x86.ActiveCfg = Debug|Any CPU
		{37C65659-DA3E-4DBC-951B-2E666BC1689C}.Debug|x86.Build.0 = Debug|Any CPU
		{37C65659-DA3E-4DBC-951B-2E666BC1689C}.Release|Any CPU.ActiveCfg = Release|Any CPU
		{37C65659-DA3E-4DBC-951B-2E666BC1689C}.Release|Any CPU.Build.0 = Release|Any CPU
		{37C65659-DA3E-4DBC-951B-2E666BC1689C}.Release|x64.ActiveCfg = Release|Any CPU
		{37C65659-DA3E-4DBC-951B-2E666BC1689C}.Release|x64.Build.0 = Release|Any CPU
		{37C65659-DA3E-4DBC-951B-2E666BC1689C}.Release|x86.ActiveCfg = Release|Any CPU
		{37C65659-DA3E-4DBC-951B-2E666BC1689C}.Release|x86.Build.0 = Release|Any CPU
	EndGlobalSection
	GlobalSection(SolutionProperties) = preSolution
		HideSolutionNode = FALSE
	EndGlobalSection
	GlobalSection(ExtensibilityGlobals) = postSolution
		SolutionGuid = {4E317216-3C87-4F63-A2A7-3B6BE3BD7904}
	EndGlobalSection
	GlobalSection(NestedProjects) = preSolution
		{03AA396C-EFFB-4494-A852-316EB9571F16} = {82BC121A-AD68-45B2-8C30-BC303495D559}
		{D83A0B43-5CCB-4FE6-B62A-AF2DFEA352CD} = {82BC121A-AD68-45B2-8C30-BC303495D559}
	EndGlobalSection
EndGlobal
